
Microsoft Visual Studio Solution File, Format Version 12.00
# Visual Studio Version 16
VisualStudioVersion = 16.0.31702.278
MinimumVisualStudioVersion = 10.0.40219.1
Project("{8BC9CEB8-8B4A-11D0-8D11-00A0C91BC942}") = "c++ test1", "c++ test1\c++ test1.vcxproj", "{30C4026A-1186-4A61-9EF8-9AFA5B14F32C}"
EndProject
Project("{8BC9CEB8-8B4A-11D0-8D11-00A0C91BC942}") = "c++异常处理", "c++异常处理\c++异常处理.vcxproj", "{3C54ED95-2EBA-4E34-B7C8-7AD40339E8F1}"
EndProject
Project("{2150E333-8FDC-42A3-9474-1A3956D46DE8}") = "Solution Items", "Solution Items", "{5E8DEC7C-B17F-4D7B-B437-317788E799CC}"
	ProjectSection(SolutionItems) = preProject
		.editorconfig = .editorconfig
	EndProjectSection
EndProject
Project("{8BC9CEB8-8B4A-11D0-8D11-00A0C91BC942}") = "demo_静态成员", "demo_静态成员\demo_静态成员.vcxproj", "{368A44D1-9E7E-413D-9435-2D50188F53AA}"
EndProject
Project("{8BC9CEB8-8B4A-11D0-8D11-00A0C91BC942}") = "demo_友元", "demo_友元\demo_友元.vcxproj", "{87BB91A2-914B-40E4-A9E5-921ECAFED133}"
EndProject
Project("{8BC9CEB8-8B4A-11D0-8D11-00A0C91BC942}") = "demo_const练习", "demo_const练习\demo_const练习.vcxproj", "{9DCFC111-7F82-4D53-A685-ADABA2FEEF09}"
EndProject
Project("{8BC9CEB8-8B4A-11D0-8D11-00A0C91BC942}") = "demo_局部变量作用范围", "demo_局部变量作用范围\demo_局部变量作用范围.vcxproj", "{294E6700-DD1D-4FDC-A708-8D679A5912DE}"
EndProject
Project("{8BC9CEB8-8B4A-11D0-8D11-00A0C91BC942}") = "随机数猜一猜", "随机数猜一猜\随机数猜一猜.vcxproj", "{D92A3C36-5C45-4861-8FE5-B7776ACC49D2}"
EndProject
Project("{8BC9CEB8-8B4A-11D0-8D11-00A0C91BC942}") = "函数的9中传参方式", "函数的9中传参方式\函数的9中传参方式.vcxproj", "{6D61E211-4F3C-4347-ADCD-8A70FA78A19B}"
EndProject
Project("{8BC9CEB8-8B4A-11D0-8D11-00A0C91BC942}") = "继承test", "继承，多态test\继承，多态test.vcxproj", "{394287C8-62A1-495F-BBDE-8BCA5EEE21B2}"
EndProject
Project("{8BC9CEB8-8B4A-11D0-8D11-00A0C91BC942}") = "运算符重载test", "运算符重载test\运算符重载test.vcxproj", "{345D98AD-0283-4C7B-8079-A11A34E9D4AA}"
EndProject
Project("{8BC9CEB8-8B4A-11D0-8D11-00A0C91BC942}") = "模板", "模板\模板.vcxproj", "{BCE4248A-ABFB-4397-B416-FCD10B110361}"
EndProject
Project("{8BC9CEB8-8B4A-11D0-8D11-00A0C91BC942}") = "虚析构函数", "虚析构函数\虚析构函数.vcxproj", "{399763A7-7C63-469E-A8B1-00910B7B26E5}"
EndProject
Project("{8BC9CEB8-8B4A-11D0-8D11-00A0C91BC942}") = "多态项目_计算机", "多态项目_计算机\多态项目_计算机.vcxproj", "{8AA90BE0-D4E8-41F7-8015-537EDA495954}"
EndProject
Project("{8BC9CEB8-8B4A-11D0-8D11-00A0C91BC942}") = "string的拷贝构造练习", "string的拷贝构造练习\string的拷贝构造练习.vcxproj", "{858E4365-BFB1-4A00-A709-D835540EEA62}"
EndProject
Global
	GlobalSection(SolutionConfigurationPlatforms) = preSolution
		Debug|x64 = Debug|x64
		Debug|x86 = Debug|x86
		Release|x64 = Release|x64
		Release|x86 = Release|x86
	EndGlobalSection
	GlobalSection(ProjectConfigurationPlatforms) = postSolution
		{30C4026A-1186-4A61-9EF8-9AFA5B14F32C}.Debug|x64.ActiveCfg = Debug|x64
		{30C4026A-1186-4A61-9EF8-9AFA5B14F32C}.Debug|x64.Build.0 = Debug|x64
		{30C4026A-1186-4A61-9EF8-9AFA5B14F32C}.Debug|x86.ActiveCfg = Debug|Win32
		{30C4026A-1186-4A61-9EF8-9AFA5B14F32C}.Debug|x86.Build.0 = Debug|Win32
		{30C4026A-1186-4A61-9EF8-9AFA5B14F32C}.Release|x64.ActiveCfg = Release|x64
		{30C4026A-1186-4A61-9EF8-9AFA5B14F32C}.Release|x64.Build.0 = Release|x64
		{30C4026A-1186-4A61-9EF8-9AFA5B14F32C}.Release|x86.ActiveCfg = Release|Win32
		{30C4026A-1186-4A61-9EF8-9AFA5B14F32C}.Release|x86.Build.0 = Release|Win32
		{3C54ED95-2EBA-4E34-B7C8-7AD40339E8F1}.Debug|x64.ActiveCfg = Debug|x64
		{3C54ED95-2EBA-4E34-B7C8-7AD40339E8F1}.Debug|x64.Build.0 = Debug|x64
		{3C54ED95-2EBA-4E34-B7C8-7AD40339E8F1}.Debug|x86.ActiveCfg = Debug|Win32
		{3C54ED95-2EBA-4E34-B7C8-7AD40339E8F1}.Debug|x86.Build.0 = Debug|Win32
		{3C54ED95-2EBA-4E34-B7C8-7AD40339E8F1}.Release|x64.ActiveCfg = Release|x64
		{3C54ED95-2EBA-4E34-B7C8-7AD40339E8F1}.Release|x64.Build.0 = Release|x64
		{3C54ED95-2EBA-4E34-B7C8-7AD40339E8F1}.Release|x86.ActiveCfg = Release|Win32
		{3C54ED95-2EBA-4E34-B7C8-7AD40339E8F1}.Release|x86.Build.0 = Release|Win32
		{368A44D1-9E7E-413D-9435-2D50188F53AA}.Debug|x64.ActiveCfg = Debug|x64
		{368A44D1-9E7E-413D-9435-2D50188F53AA}.Debug|x64.Build.0 = Debug|x64
		{368A44D1-9E7E-413D-9435-2D50188F53AA}.Debug|x86.ActiveCfg = Debug|Win32
		{368A44D1-9E7E-413D-9435-2D50188F53AA}.Debug|x86.Build.0 = Debug|Win32
		{368A44D1-9E7E-413D-9435-2D50188F53AA}.Release|x64.ActiveCfg = Release|x64
		{368A44D1-9E7E-413D-9435-2D50188F53AA}.Release|x64.Build.0 = Release|x64
		{368A44D1-9E7E-413D-9435-2D50188F53AA}.Release|x86.ActiveCfg = Release|Win32
		{368A44D1-9E7E-413D-9435-2D50188F53AA}.Release|x86.Build.0 = Release|Win32
		{87BB91A2-914B-40E4-A9E5-921ECAFED133}.Debug|x64.ActiveCfg = Debug|x64
		{87BB91A2-914B-40E4-A9E5-921ECAFED133}.Debug|x64.Build.0 = Debug|x64
		{87BB91A2-914B-40E4-A9E5-921ECAFED133}.Debug|x86.ActiveCfg = Debug|Win32
		{87BB91A2-914B-40E4-A9E5-921ECAFED133}.Debug|x86.Build.0 = Debug|Win32
		{87BB91A2-914B-40E4-A9E5-921ECAFED133}.Release|x64.ActiveCfg = Release|x64
		{87BB91A2-914B-40E4-A9E5-921ECAFED133}.Release|x64.Build.0 = Release|x64
		{87BB91A2-914B-40E4-A9E5-921ECAFED133}.Release|x86.ActiveCfg = Release|Win32
		{87BB91A2-914B-40E4-A9E5-921ECAFED133}.Release|x86.Build.0 = Release|Win32
		{9DCFC111-7F82-4D53-A685-ADABA2FEEF09}.Debug|x64.ActiveCfg = Debug|x64
		{9DCFC111-7F82-4D53-A685-ADABA2FEEF09}.Debug|x64.Build.0 = Debug|x64
		{9DCFC111-7F82-4D53-A685-ADABA2FEEF09}.Debug|x86.ActiveCfg = Debug|Win32
		{9DCFC111-7F82-4D53-A685-ADABA2FEEF09}.Debug|x86.Build.0 = Debug|Win32
		{9DCFC111-7F82-4D53-A685-ADABA2FEEF09}.Release|x64.ActiveCfg = Release|x64
		{9DCFC111-7F82-4D53-A685-ADABA2FEEF09}.Release|x64.Build.0 = Release|x64
		{9DCFC111-7F82-4D53-A685-ADABA2FEEF09}.Release|x86.ActiveCfg = Release|Win32
		{9DCFC111-7F82-4D53-A685-ADABA2FEEF09}.Release|x86.Build.0 = Release|Win32
		{294E6700-DD1D-4FDC-A708-8D679A5912DE}.Debug|x64.ActiveCfg = Debug|x64
		{294E6700-DD1D-4FDC-A708-8D679A5912DE}.Debug|x64.Build.0 = Debug|x64
		{294E6700-DD1D-4FDC-A708-8D679A5912DE}.Debug|x86.ActiveCfg = Debug|Win32
		{294E6700-DD1D-4FDC-A708-8D679A5912DE}.Debug|x86.Build.0 = Debug|Win32
		{294E6700-DD1D-4FDC-A708-8D679A5912DE}.Release|x64.ActiveCfg = Release|x64
		{294E6700-DD1D-4FDC-A708-8D679A5912DE}.Release|x64.Build.0 = Release|x64
		{294E6700-DD1D-4FDC-A708-8D679A5912DE}.Release|x86.ActiveCfg = Release|Win32
		{294E6700-DD1D-4FDC-A708-8D679A5912DE}.Release|x86.Build.0 = Release|Win32
		{D92A3C36-5C45-4861-8FE5-B7776ACC49D2}.Debug|x64.ActiveCfg = Debug|x64
		{D92A3C36-5C45-4861-8FE5-B7776ACC49D2}.Debug|x64.Build.0 = Debug|x64
		{D92A3C36-5C45-4861-8FE5-B7776ACC49D2}.Debug|x86.ActiveCfg = Debug|Win32
		{D92A3C36-5C45-4861-8FE5-B7776ACC49D2}.Debug|x86.Build.0 = Debug|Win32
		{D92A3C36-5C45-4861-8FE5-B7776ACC49D2}.Release|x64.ActiveCfg = Release|x64
		{D92A3C36-5C45-4861-8FE5-B7776ACC49D2}.Release|x64.Build.0 = Release|x64
		{D92A3C36-5C45-4861-8FE5-B7776ACC49D2}.Release|x86.ActiveCfg = Release|Win32
		{D92A3C36-5C45-4861-8FE5-B7776ACC49D2}.Release|x86.Build.0 = Release|Win32
		{6D61E211-4F3C-4347-ADCD-8A70FA78A19B}.Debug|x64.ActiveCfg = Debug|x64
		{6D61E211-4F3C-4347-ADCD-8A70FA78A19B}.Debug|x64.Build.0 = Debug|x64
		{6D61E211-4F3C-4347-ADCD-8A70FA78A19B}.Debug|x86.ActiveCfg = Debug|Win32
		{6D61E211-4F3C-4347-ADCD-8A70FA78A19B}.Debug|x86.Build.0 = Debug|Win32
		{6D61E211-4F3C-4347-ADCD-8A70FA78A19B}.Release|x64.ActiveCfg = Release|x64
		{6D61E211-4F3C-4347-ADCD-8A70FA78A19B}.Release|x64.Build.0 = Release|x64
		{6D61E211-4F3C-4347-ADCD-8A70FA78A19B}.Release|x86.ActiveCfg = Release|Win32
		{6D61E211-4F3C-4347-ADCD-8A70FA78A19B}.Release|x86.Build.0 = Release|Win32
		{394287C8-62A1-495F-BBDE-8BCA5EEE21B2}.Debug|x64.ActiveCfg = Debug|x64
		{394287C8-62A1-495F-BBDE-8BCA5EEE21B2}.Debug|x64.Build.0 = Debug|x64
		{394287C8-62A1-495F-BBDE-8BCA5EEE21B2}.Debug|x86.ActiveCfg = Debug|Win32
		{394287C8-62A1-495F-BBDE-8BCA5EEE21B2}.Debug|x86.Build.0 = Debug|Win32
		{394287C8-62A1-495F-BBDE-8BCA5EEE21B2}.Release|x64.ActiveCfg = Release|x64
		{394287C8-62A1-495F-BBDE-8BCA5EEE21B2}.Release|x64.Build.0 = Release|x64
		{394287C8-62A1-495F-BBDE-8BCA5EEE21B2}.Release|x86.ActiveCfg = Release|Win32
		{394287C8-62A1-495F-BBDE-8BCA5EEE21B2}.Release|x86.Build.0 = Release|Win32
		{345D98AD-0283-4C7B-8079-A11A34E9D4AA}.Debug|x64.ActiveCfg = Debug|x64
		{345D98AD-0283-4C7B-8079-A11A34E9D4AA}.Debug|x64.Build.0 = Debug|x64
		{345D98AD-0283-4C7B-8079-A11A34E9D4AA}.Debug|x86.ActiveCfg = Debug|Win32
		{345D98AD-0283-4C7B-8079-A11A34E9D4AA}.Debug|x86.Build.0 = Debug|Win32
		{345D98AD-0283-4C7B-8079-A11A34E9D4AA}.Release|x64.ActiveCfg = Release|x64
		{345D98AD-0283-4C7B-8079-A11A34E9D4AA}.Release|x64.Build.0 = Release|x64
		{345D98AD-0283-4C7B-8079-A11A34E9D4AA}.Release|x86.ActiveCfg = Release|Win32
		{345D98AD-0283-4C7B-8079-A11A34E9D4AA}.Release|x86.Build.0 = Release|Win32
		{BCE4248A-ABFB-4397-B416-FCD10B110361}.Debug|x64.ActiveCfg = Debug|x64
		{BCE4248A-ABFB-4397-B416-FCD10B110361}.Debug|x64.Build.0 = Debug|x64
		{BCE4248A-ABFB-4397-B416-FCD10B110361}.Debug|x86.ActiveCfg = Debug|Win32
		{BCE4248A-ABFB-4397-B416-FCD10B110361}.Debug|x86.Build.0 = Debug|Win32
		{BCE4248A-ABFB-4397-B416-FCD10B110361}.Release|x64.ActiveCfg = Release|x64
		{BCE4248A-ABFB-4397-B416-FCD10B110361}.Release|x64.Build.0 = Release|x64
		{BCE4248A-ABFB-4397-B416-FCD10B110361}.Release|x86.ActiveCfg = Release|Win32
		{BCE4248A-ABFB-4397-B416-FCD10B110361}.Release|x86.Build.0 = Release|Win32
		{399763A7-7C63-469E-A8B1-00910B7B26E5}.Debug|x64.ActiveCfg = Debug|x64
		{399763A7-7C63-469E-A8B1-00910B7B26E5}.Debug|x64.Build.0 = Debug|x64
		{399763A7-7C63-469E-A8B1-00910B7B26E5}.Debug|x86.ActiveCfg = Debug|Win32
		{399763A7-7C63-469E-A8B1-00910B7B26E5}.Debug|x86.Build.0 = Debug|Win32
		{399763A7-7C63-469E-A8B1-00910B7B26E5}.Release|x64.ActiveCfg = Release|x64
		{399763A7-7C63-469E-A8B1-00910B7B26E5}.Release|x64.Build.0 = Release|x64
		{399763A7-7C63-469E-A8B1-00910B7B26E5}.Release|x86.ActiveCfg = Release|Win32
		{399763A7-7C63-469E-A8B1-00910B7B26E5}.Release|x86.Build.0 = Release|Win32
		{8AA90BE0-D4E8-41F7-8015-537EDA495954}.Debug|x64.ActiveCfg = Debug|x64
		{8AA90BE0-D4E8-41F7-8015-537EDA495954}.Debug|x64.Build.0 = Debug|x64
		{8AA90BE0-D4E8-41F7-8015-537EDA495954}.Debug|x86.ActiveCfg = Debug|Win32
		{8AA90BE0-D4E8-41F7-8015-537EDA495954}.Debug|x86.Build.0 = Debug|Win32
		{8AA90BE0-D4E8-41F7-8015-537EDA495954}.Release|x64.ActiveCfg = Release|x64
		{8AA90BE0-D4E8-41F7-8015-537EDA495954}.Release|x64.Build.0 = Release|x64
		{8AA90BE0-D4E8-41F7-8015-537EDA495954}.Release|x86.ActiveCfg = Release|Win32
		{8AA90BE0-D4E8-41F7-8015-537EDA495954}.Release|x86.Build.0 = Release|Win32
		{858E4365-BFB1-4A00-A709-D835540EEA62}.Debug|x64.ActiveCfg = Debug|x64
		{858E4365-BFB1-4A00-A709-D835540EEA62}.Debug|x64.Build.0 = Debug|x64
		{858E4365-BFB1-4A00-A709-D835540EEA62}.Debug|x86.ActiveCfg = Debug|Win32
		{858E4365-BFB1-4A00-A709-D835540EEA62}.Debug|x86.Build.0 = Debug|Win32
		{858E4365-BFB1-4A00-A709-D835540EEA62}.Release|x64.ActiveCfg = Release|x64
		{858E4365-BFB1-4A00-A709-D835540EEA62}.Release|x64.Build.0 = Release|x64
		{858E4365-BFB1-4A00-A709-D835540EEA62}.Release|x86.ActiveCfg = Release|Win32
		{858E4365-BFB1-4A00-A709-D835540EEA62}.Release|x86.Build.0 = Release|Win32
	EndGlobalSection
	GlobalSection(SolutionProperties) = preSolution
		HideSolutionNode = FALSE
	EndGlobalSection
	GlobalSection(ExtensibilityGlobals) = postSolution
		SolutionGuid = {E79277D2-08E9-4AC8-A2BB-1B0EF7DC59BB}
	EndGlobalSection
EndGlobal
